<Solution>
  <Folder Name="/src/">
    <Project Path="ContactsManager.Core/ContactsManager.Core.csproj" />
    <Project Path="ContactsManager.Infrastructure/ContactsManager.Infrastructure.csproj" Id="500ff882-465a-4ffa-a3fb-c17619fec511" />
    <Project Path="ContactsManager.UI/ContactsManager.UI.csproj" />
  </Folder>
  <Folder Name="/tests/" />
</Solution>
